
Microsoft Visual Studio Solution File, Format Version 12.00
Project("{FAE04EC0-301F-11D3-BF4B-00C04F79EFBC}") = "Host", "Host\Host.csproj", "{ECEF2DCC-DFB4-4F4F-8E37-39578A0D25BD}"
EndProject
Project("{FAE04EC0-301F-11D3-BF4B-00C04F79EFBC}") = "Auth", "Auth\Auth.csproj", "{144A51DF-E616-48C5-BD99-8871B2D6720F}"
EndProject
Project("{FAE04EC0-301F-11D3-BF4B-00C04F79EFBC}") = "Shared", "Shared\Shared.csproj", "{64ABA4A5-5D3F-443C-82A3-62A02E8D034A}"
EndProject
Project("{FAE04EC0-301F-11D3-BF4B-00C04F79EFBC}") = "Repository", "Repository\Repository.csproj", "{A0A86EBB-8021-4289-BEC7-C7AC32CB0A3A}"
EndProject
Project("{FAE04EC0-301F-11D3-BF4B-00C04F79EFBC}") = "Email", "Email\Email.csproj", "{A4F05980-A0DD-401A-AC31-B09B2EE320E5}"
EndProject
Project("{FAE04EC0-301F-11D3-BF4B-00C04F79EFBC}") = "Users", "Users\Users.csproj", "{389BF85D-A907-44E5-992F-DBFF24B2B4A3}"
EndProject
Project("{FAE04EC0-301F-11D3-BF4B-00C04F79EFBC}") = "Recordings", "Recordings\Recordings.csproj", "{E208AA9A-0AA4-4DED-A945-248C31E06E9E}"
EndProject
Project("{FAE04EC0-301F-11D3-BF4B-00C04F79EFBC}") = "Devices", "Devices\Devices.csproj", "{8F8AF851-C955-41B6-A936-03BB66756B1B}"
EndProject
Project("{FAE04EC0-301F-11D3-BF4B-00C04F79EFBC}") = "Utils", "Utils\Utils.csproj", "{29E21A00-2995-402C-9A43-E5D7BE36D8A6}"
EndProject
Project("{FAE04EC0-301F-11D3-BF4B-00C04F79EFBC}") = "Photos", "Photos\Photos.csproj", "{110AE704-003D-46D5-8E67-884D5CFE1A6C}"
EndProject
Global
	GlobalSection(SolutionConfigurationPlatforms) = preSolution
		Debug|Any CPU = Debug|Any CPU
		Release|Any CPU = Release|Any CPU
	EndGlobalSection
	GlobalSection(ProjectConfigurationPlatforms) = postSolution
		{ECEF2DCC-DFB4-4F4F-8E37-39578A0D25BD}.Debug|Any CPU.ActiveCfg = Debug|Any CPU
		{ECEF2DCC-DFB4-4F4F-8E37-39578A0D25BD}.Debug|Any CPU.Build.0 = Debug|Any CPU
		{ECEF2DCC-DFB4-4F4F-8E37-39578A0D25BD}.Release|Any CPU.ActiveCfg = Release|Any CPU
		{ECEF2DCC-DFB4-4F4F-8E37-39578A0D25BD}.Release|Any CPU.Build.0 = Release|Any CPU
		{144A51DF-E616-48C5-BD99-8871B2D6720F}.Debug|Any CPU.ActiveCfg = Debug|Any CPU
		{144A51DF-E616-48C5-BD99-8871B2D6720F}.Debug|Any CPU.Build.0 = Debug|Any CPU
		{144A51DF-E616-48C5-BD99-8871B2D6720F}.Release|Any CPU.ActiveCfg = Release|Any CPU
		{144A51DF-E616-48C5-BD99-8871B2D6720F}.Release|Any CPU.Build.0 = Release|Any CPU
		{64ABA4A5-5D3F-443C-82A3-62A02E8D034A}.Debug|Any CPU.ActiveCfg = Debug|Any CPU
		{64ABA4A5-5D3F-443C-82A3-62A02E8D034A}.Debug|Any CPU.Build.0 = Debug|Any CPU
		{64ABA4A5-5D3F-443C-82A3-62A02E8D034A}.Release|Any CPU.ActiveCfg = Release|Any CPU
		{64ABA4A5-5D3F-443C-82A3-62A02E8D034A}.Release|Any CPU.Build.0 = Release|Any CPU
		{A0A86EBB-8021-4289-BEC7-C7AC32CB0A3A}.Debug|Any CPU.ActiveCfg = Debug|Any CPU
		{A0A86EBB-8021-4289-BEC7-C7AC32CB0A3A}.Debug|Any CPU.Build.0 = Debug|Any CPU
		{A0A86EBB-8021-4289-BEC7-C7AC32CB0A3A}.Release|Any CPU.ActiveCfg = Release|Any CPU
		{A0A86EBB-8021-4289-BEC7-C7AC32CB0A3A}.Release|Any CPU.Build.0 = Release|Any CPU
		{A4F05980-A0DD-401A-AC31-B09B2EE320E5}.Debug|Any CPU.ActiveCfg = Debug|Any CPU
		{A4F05980-A0DD-401A-AC31-B09B2EE320E5}.Debug|Any CPU.Build.0 = Debug|Any CPU
		{A4F05980-A0DD-401A-AC31-B09B2EE320E5}.Release|Any CPU.ActiveCfg = Release|Any CPU
		{A4F05980-A0DD-401A-AC31-B09B2EE320E5}.Release|Any CPU.Build.0 = Release|Any CPU
		{389BF85D-A907-44E5-992F-DBFF24B2B4A3}.Debug|Any CPU.ActiveCfg = Debug|Any CPU
		{389BF85D-A907-44E5-992F-DBFF24B2B4A3}.Debug|Any CPU.Build.0 = Debug|Any CPU
		{389BF85D-A907-44E5-992F-DBFF24B2B4A3}.Release|Any CPU.ActiveCfg = Release|Any CPU
		{389BF85D-A907-44E5-992F-DBFF24B2B4A3}.Release|Any CPU.Build.0 = Release|Any CPU
		{E208AA9A-0AA4-4DED-A945-248C31E06E9E}.Debug|Any CPU.ActiveCfg = Debug|Any CPU
		{E208AA9A-0AA4-4DED-A945-248C31E06E9E}.Debug|Any CPU.Build.0 = Debug|Any CPU
		{E208AA9A-0AA4-4DED-A945-248C31E06E9E}.Release|Any CPU.ActiveCfg = Release|Any CPU
		{E208AA9A-0AA4-4DED-A945-248C31E06E9E}.Release|Any CPU.Build.0 = Release|Any CPU
		{8F8AF851-C955-41B6-A936-03BB66756B1B}.Debug|Any CPU.ActiveCfg = Debug|Any CPU
		{8F8AF851-C955-41B6-A936-03BB66756B1B}.Debug|Any CPU.Build.0 = Debug|Any CPU
		{8F8AF851-C955-41B6-A936-03BB66756B1B}.Release|Any CPU.ActiveCfg = Release|Any CPU
		{8F8AF851-C955-41B6-A936-03BB66756B1B}.Release|Any CPU.Build.0 = Release|Any CPU
		{29E21A00-2995-402C-9A43-E5D7BE36D8A6}.Debug|Any CPU.ActiveCfg = Debug|Any CPU
		{29E21A00-2995-402C-9A43-E5D7BE36D8A6}.Debug|Any CPU.Build.0 = Debug|Any CPU
		{29E21A00-2995-402C-9A43-E5D7BE36D8A6}.Release|Any CPU.ActiveCfg = Release|Any CPU
		{29E21A00-2995-402C-9A43-E5D7BE36D8A6}.Release|Any CPU.Build.0 = Release|Any CPU
		{110AE704-003D-46D5-8E67-884D5CFE1A6C}.Debug|Any CPU.ActiveCfg = Debug|Any CPU
		{110AE704-003D-46D5-8E67-884D5CFE1A6C}.Debug|Any CPU.Build.0 = Debug|Any CPU
		{110AE704-003D-46D5-8E67-884D5CFE1A6C}.Release|Any CPU.ActiveCfg = Release|Any CPU
		{110AE704-003D-46D5-8E67-884D5CFE1A6C}.Release|Any CPU.Build.0 = Release|Any CPU
	EndGlobalSection
EndGlobal
