<Solution>
  <Folder Name="/Tenant/">
    <Project Path="src/Tenant/Tenant.Api/Tenant.Api.csproj" />
    <Project Path="src/Tenant/Tenant.Application/Tenant.Application.csproj" />
    <Project Path="src/Tenant/Tenant.Domain/Tenant.Domain.csproj" />
    <Project Path="src/Tenant/Tenant.Infrastructure/Tenant.Infrastructure.csproj" />
  </Folder>
  <Folder Name="/Administration/">
    <Project Path="src/Administration/Administration.Api/Administration.Api.csproj"/>
    <Project Path="src/Administration/Administration.Application/Administration.Application.csproj"/>
    <Project Path="src/Administration/Administration.Domain/Administration.Domain.csproj"/>
    <Project Path="src/Administration/Administration.Infrastructure/Administration.Infrastructure.csproj"/>
  </Folder>
  <Project Path="src/AppHost/AppHost.csproj" />
  <Project Path="src/ServiceDefaults/ServiceDefaults.csproj" />
</Solution>
